<?xml version="1.0" encoding="utf-8"?>
<Project ToolsVersion="4.0" xmlns="http://schemas.microsoft.com/developer/msbuild/2003">
  <ItemGroup>
    <Filter Include="Source Files">
      <UniqueIdentifier>{4FC737F1-C7A5-4376-A066-2A32D752A2FF}</UniqueIdentifier>
      <Extensions>cpp;c;cc;cxx;c++;cppm;ixx;def;odl;idl;hpj;bat;asm;asmx</Extensions>
    </Filter>
    <Filter Include="Header Files">
      <UniqueIdentifier>{93995380-89BD-4b04-88EB-625FBE52EBFB}</UniqueIdentifier>
      <Extensions>h;hh;hpp;hxx;h++;hm;inl;inc;ipp;xsd</Extensions>
    </Filter>
    <Filter Include="Resource Files">
      <UniqueIdentifier>{67DA6AB6-F800-4c08-8B7A-83BB121AAD01}</UniqueIdentifier>
      <Extensions>rc;ico;cur;bmp;dlg;rc2;rct;bin;rgs;gif;jpg;jpeg;jpe;resx;tiff;tif;png;wav;mfcribbon-ms</Extensions>
    </Filter>
    <Filter Include="Header Files\Scenes">
      <UniqueIdentifier>{7399b504-2dee-4e4f-8c8d-f70e30fc8e44}</UniqueIdentifier>
    </Filter>
    <Filter Include="Header Files\Window">
      <UniqueIdentifier>{90954b7b-44b7-480e-8b30-dc7326f32abe}</UniqueIdentifier>
    </Filter>
    <Filter Include="Header Files\Graphics">
      <UniqueIdentifier>{5d267899-0799-415c-9601-1e566676d64e}</UniqueIdentifier>
    </Filter>
    <Filter Include="Header Files\Input">
      <UniqueIdentifier>{9f7a572e-38c8-4b75-a9fa-41ffdaf4b95c}</UniqueIdentifier>
    </Filter>
    <Filter Include="Header Files\IMGUI">
      <UniqueIdentifier>{eba36972-f114-4bed-ab50-a9de169b06e9}</UniqueIdentifier>
    </Filter>
    <Filter Include="Header Files\Object">
      <UniqueIdentifier>{671f4872-32c0-4d7d-b96a-8f8d0da447dc}</UniqueIdentifier>
    </Filter>
    <Filter Include="Header Files\Tests">
      <UniqueIdentifier>{15aeb8b5-6e5f-4634-859e-302205492fcb}</UniqueIdentifier>
    </Filter>
    <Filter Include="Header Files\ECS">
      <UniqueIdentifier>{232ddd2c-66f0-460c-94aa-5f505df529da}</UniqueIdentifier>
    </Filter>
    <Filter Include="Header Files\Model">
      <UniqueIdentifier>{421d5d3f-4c51-4fd8-8cb5-6e989bece0ef}</UniqueIdentifier>
    </Filter>
    <Filter Include="Header Files\Renderer">
      <UniqueIdentifier>{90df843c-9851-4f65-9fb8-b135f04c7627}</UniqueIdentifier>
    </Filter>
    <Filter Include="Header Files\Light">
      <UniqueIdentifier>{6354ea83-885b-4d70-9842-7156fc966d67}</UniqueIdentifier>
    </Filter>
    <Filter Include="Resource Files\Shadow">
      <UniqueIdentifier>{5725b09e-316b-446d-a63d-999c630067ae}</UniqueIdentifier>
    </Filter>
    <Filter Include="Resource Files\TesselationShader">
      <UniqueIdentifier>{c8eca46d-22f6-4b9c-b335-d2d06343a742}</UniqueIdentifier>
    </Filter>
    <Filter Include="Header Files\Animation">
      <UniqueIdentifier>{be7b21d7-322a-45a3-830b-8a782c8ed372}</UniqueIdentifier>
    </Filter>
    <Filter Include="Resource Files\TesselationShader\HeightMap">
      <UniqueIdentifier>{7dc27879-af78-4cd6-bf0c-a5b8a39bfc7e}</UniqueIdentifier>
    </Filter>
    <Filter Include="Resource Files\DebugShaders">
      <UniqueIdentifier>{dcc2cee6-21e1-4af0-88c9-e4e24e0a27d6}</UniqueIdentifier>
    </Filter>
  </ItemGroup>
  <ItemGroup>
    <ClInclude Include="Engine.h">
      <Filter>Header Files</Filter>
    </ClInclude>
    <ClInclude Include="Scene.h">
      <Filter>Header Files\Scenes</Filter>
    </ClInclude>
    <ClInclude Include="SceneManager.h">
      <Filter>Header Files\Scenes</Filter>
    </ClInclude>
    <ClInclude Include="Camera.h">
      <Filter>Header Files</Filter>
    </ClInclude>
    <ClInclude Include="CommonHeaders.h">
      <Filter>Header Files</Filter>
    </ClInclude>
    <ClInclude Include="d3dx12.h">
      <Filter>Header Files</Filter>
    </ClInclude>
    <ClInclude Include="HelperFuncitons.h">
      <Filter>Header Files</Filter>
    </ClInclude>
    <ClInclude Include="Graphics.h">
      <Filter>Header Files\Graphics</Filter>
    </ClInclude>
    <ClInclude Include="RenderWindow.h">
      <Filter>Header Files\Window</Filter>
    </ClInclude>
    <ClInclude Include="resource.h">
      <Filter>Header Files\Window</Filter>
    </ClInclude>
    <ClInclude Include="WindowClass.h">
      <Filter>Header Files\Window</Filter>
    </ClInclude>
    <ClInclude Include="WindowContainer.h">
      <Filter>Header Files\Window</Filter>
    </ClInclude>
    <ClInclude Include="ShaderHandler.h">
      <Filter>Header Files\Graphics</Filter>
    </ClInclude>
    <ClInclude Include="Shader.h">
      <Filter>Header Files\Graphics</Filter>
    </ClInclude>
    <ClInclude Include="Material.h">
      <Filter>Header Files\Graphics</Filter>
    </ClInclude>
    <ClInclude Include="Texture.h">
      <Filter>Header Files\Graphics</Filter>
    </ClInclude>
    <ClInclude Include="Keyboard.h">
      <Filter>Header Files\Input</Filter>
    </ClInclude>
    <ClInclude Include="Mouse.h">
      <Filter>Header Files\Input</Filter>
    </ClInclude>
    <ClInclude Include="Library\Imgui\imconfig.h">
      <Filter>Header Files\IMGUI</Filter>
    </ClInclude>
    <ClInclude Include="Library\Imgui\imgui.h">
      <Filter>Header Files\IMGUI</Filter>
    </ClInclude>
    <ClInclude Include="Library\Imgui\imgui_impl_dx12.h">
      <Filter>Header Files\IMGUI</Filter>
    </ClInclude>
    <ClInclude Include="Library\Imgui\imgui_impl_win32.h">
      <Filter>Header Files\IMGUI</Filter>
    </ClInclude>
    <ClInclude Include="Library\Imgui\imgui_internal.h">
      <Filter>Header Files\IMGUI</Filter>
    </ClInclude>
    <ClInclude Include="Library\Imgui\imstb_rectpack.h">
      <Filter>Header Files\IMGUI</Filter>
    </ClInclude>
    <ClInclude Include="Library\Imgui\imstb_textedit.h">
      <Filter>Header Files\IMGUI</Filter>
    </ClInclude>
    <ClInclude Include="Library\Imgui\imstb_truetype.h">
      <Filter>Header Files\IMGUI</Filter>
    </ClInclude>
    <ClInclude Include="Debugger.h">
      <Filter>Header Files</Filter>
    </ClInclude>
    <ClInclude Include="DeltaTime.h">
      <Filter>Header Files</Filter>
    </ClInclude>
    <ClInclude Include="Object.h">
      <Filter>Header Files\Object</Filter>
    </ClInclude>
    <ClInclude Include="GameObject.h">
      <Filter>Header Files\Object</Filter>
    </ClInclude>
    <ClInclude Include="TestScene.h">
      <Filter>Header Files\Tests</Filter>
    </ClInclude>
    <ClInclude Include="Components.h">
      <Filter>Header Files\ECS</Filter>
    </ClInclude>
    <ClInclude Include="ECS.h">
      <Filter>Header Files\ECS</Filter>
    </ClInclude>
    <ClInclude Include="Model.h">
      <Filter>Header Files\Model</Filter>
    </ClInclude>
    <ClInclude Include="Mesh.h">
      <Filter>Header Files\Model</Filter>
    </ClInclude>
    <ClInclude Include="ReadModelFile.h">
      <Filter>Header Files\Model</Filter>
    </ClInclude>
    <ClInclude Include="Vertex.h">
      <Filter>Header Files\Model</Filter>
    </ClInclude>
    <ClInclude Include="VertexBufferCreator.h">
      <Filter>Header Files\Model</Filter>
    </ClInclude>
    <ClInclude Include="Renderer.h">
      <Filter>Header Files\Renderer</Filter>
    </ClInclude>
    <ClInclude Include="ConstantBuffers.h">
      <Filter>Header Files</Filter>
    </ClInclude>
    <ClInclude Include="Lights.h">
      <Filter>Header Files\Light</Filter>
    </ClInclude>
    <ClInclude Include="ShaderToMaterial.h">
      <Filter>Header Files</Filter>
    </ClInclude>
    <ClInclude Include="LightHandler.h">
      <Filter>Header Files\Light</Filter>
    </ClInclude>
    <ClInclude Include="PointLight.h">
      <Filter>Header Files\Light</Filter>
    </ClInclude>
    <ClInclude Include="Defines.h">
      <Filter>Header Files</Filter>
    </ClInclude>
    <ClInclude Include="IMGUIHandler.h">
      <Filter>Header Files\IMGUI</Filter>
    </ClInclude>
    <ClInclude Include="SpotLight.h">
      <Filter>Header Files\Light</Filter>
    </ClInclude>
    <ClInclude Include="ShadowMaps.h">
      <Filter>Header Files</Filter>
    </ClInclude>
    <ClInclude Include="TextureHeap.h">
      <Filter>Header Files\Graphics</Filter>
    </ClInclude>
    <ClInclude Include="ObjectManager.h">
      <Filter>Header Files</Filter>
    </ClInclude>
    <ClInclude Include="DirectionalLight.h">
      <Filter>Header Files\Light</Filter>
    </ClInclude>
    <ClInclude Include="ResourceManager.h">
      <Filter>Header Files</Filter>
    </ClInclude>
    <ClInclude Include="MaterialTypes.h">
      <Filter>Header Files</Filter>
    </ClInclude>
    <ClInclude Include="readImage.h">
      <Filter>Header Files\Model</Filter>
    </ClInclude>
    <ClInclude Include="TextureChanges.h">
      <Filter>Header Files\Graphics</Filter>
    </ClInclude>
    <ClInclude Include="ComputeShaderTestScene.h">
      <Filter>Header Files\Tests</Filter>
    </ClInclude>
    <ClInclude Include="Animation.h">
      <Filter>Header Files\Animation</Filter>
    </ClInclude>
    <ClInclude Include="AnimationComponent.h">
      <Filter>Header Files\ECS</Filter>
    </ClInclude>
    <ClInclude Include="ReadBackBuffer.h">
      <Filter>Header Files\Graphics</Filter>
    </ClInclude>
    <ClInclude Include="GraphicsBufferWithData.h">
      <Filter>Header Files\Graphics</Filter>
    </ClInclude>
  </ItemGroup>
  <ItemGroup>
    <ClCompile Include="Debugger.cpp">
      <Filter>Source Files</Filter>
    </ClCompile>
    <ClCompile Include="Engine.cpp">
      <Filter>Source Files</Filter>
    </ClCompile>
    <ClCompile Include="SceneManager.cpp">
      <Filter>Source Files</Filter>
    </ClCompile>
    <ClCompile Include="Camera.cpp">
      <Filter>Source Files</Filter>
    </ClCompile>
    <ClCompile Include="HelperFuncitons.cpp">
      <Filter>Source Files</Filter>
    </ClCompile>
    <ClCompile Include="RenderWindow.cpp">
      <Filter>Header Files\Window</Filter>
    </ClCompile>
    <ClCompile Include="WindowClass.cpp">
      <Filter>Header Files\Window</Filter>
    </ClCompile>
    <ClCompile Include="WindowContainer.cpp">
      <Filter>Header Files\Window</Filter>
    </ClCompile>
    <ClCompile Include="ShaderHandler.cpp">
      <Filter>Source Files</Filter>
    </ClCompile>
    <ClCompile Include="Shader.cpp">
      <Filter>Source Files</Filter>
    </ClCompile>
    <ClCompile Include="Texture.cpp">
      <Filter>Source Files</Filter>
    </ClCompile>
    <ClCompile Include="Material.cpp">
      <Filter>Source Files</Filter>
    </ClCompile>
    <ClCompile Include="Graphics.cpp">
      <Filter>Source Files</Filter>
    </ClCompile>
    <ClCompile Include="Keyboard.cpp">
      <Filter>Header Files\Input</Filter>
    </ClCompile>
    <ClCompile Include="Mouse.cpp">
      <Filter>Header Files\Input</Filter>
    </ClCompile>
    <ClCompile Include="Library\Imgui\imgui.cpp">
      <Filter>Header Files\IMGUI</Filter>
    </ClCompile>
    <ClCompile Include="Library\Imgui\imgui_demo.cpp">
      <Filter>Header Files\IMGUI</Filter>
    </ClCompile>
    <ClCompile Include="Library\Imgui\imgui_draw.cpp">
      <Filter>Header Files\IMGUI</Filter>
    </ClCompile>
    <ClCompile Include="Library\Imgui\imgui_impl_dx12.cpp">
      <Filter>Header Files\IMGUI</Filter>
    </ClCompile>
    <ClCompile Include="Library\Imgui\imgui_impl_win32.cpp">
      <Filter>Header Files\IMGUI</Filter>
    </ClCompile>
    <ClCompile Include="Library\Imgui\imgui_tables.cpp">
      <Filter>Header Files\IMGUI</Filter>
    </ClCompile>
    <ClCompile Include="Library\Imgui\imgui_widgets.cpp">
      <Filter>Header Files\IMGUI</Filter>
    </ClCompile>
    <ClCompile Include="TestMain.cpp">
      <Filter>Source Files</Filter>
    </ClCompile>
    <ClCompile Include="DeltaTime.cpp">
      <Filter>Source Files</Filter>
    </ClCompile>
    <ClCompile Include="Scene.cpp">
      <Filter>Source Files</Filter>
    </ClCompile>
    <ClCompile Include="GameObject.cpp">
      <Filter>Source Files</Filter>
    </ClCompile>
    <ClCompile Include="TestScene.cpp">
      <Filter>Source Files</Filter>
    </ClCompile>
    <ClCompile Include="Object.cpp">
      <Filter>Source Files</Filter>
    </ClCompile>
    <ClCompile Include="Mesh.cpp">
      <Filter>Source Files</Filter>
    </ClCompile>
    <ClCompile Include="ReadModelFile.cpp">
      <Filter>Source Files</Filter>
    </ClCompile>
    <ClCompile Include="Model.cpp">
      <Filter>Source Files</Filter>
    </ClCompile>
    <ClCompile Include="VertexBufferCreator.cpp">
      <Filter>Source Files</Filter>
    </ClCompile>
    <ClCompile Include="Renderer.cpp">
      <Filter>Source Files</Filter>
    </ClCompile>
    <ClCompile Include="Components.cpp">
      <Filter>Source Files</Filter>
    </ClCompile>
    <ClCompile Include="Lights.cpp">
      <Filter>Source Files</Filter>
    </ClCompile>
    <ClCompile Include="LightHandler.cpp">
      <Filter>Source Files</Filter>
    </ClCompile>
    <ClCompile Include="PointLight.cpp">
      <Filter>Source Files</Filter>
    </ClCompile>
    <ClCompile Include="IMGUIHandler.cpp">
      <Filter>Source Files</Filter>
    </ClCompile>
    <ClCompile Include="ShadowMaps.cpp">
      <Filter>Source Files</Filter>
    </ClCompile>
    <ClCompile Include="SpotLight.cpp">
      <Filter>Source Files</Filter>
    </ClCompile>
    <ClCompile Include="TextureHeap.cpp">
      <Filter>Source Files</Filter>
    </ClCompile>
    <ClCompile Include="ObjectManager.cpp">
      <Filter>Source Files</Filter>
    </ClCompile>
    <ClCompile Include="ConstantBuffers.cpp">
      <Filter>Source Files</Filter>
    </ClCompile>
    <ClCompile Include="DirectionalLight.cpp">
      <Filter>Source Files</Filter>
    </ClCompile>
    <ClCompile Include="ResourceManager.cpp">
      <Filter>Source Files</Filter>
    </ClCompile>
    <ClCompile Include="Animation.cpp">
      <Filter>Source Files</Filter>
    </ClCompile>
    <ClCompile Include="readImage.cpp">
      <Filter>Source Files</Filter>
    </ClCompile>
    <ClCompile Include="TextureChanges.cpp">
      <Filter>Source Files</Filter>
    </ClCompile>
    <ClCompile Include="ComputeShaderTestScene.cpp">
      <Filter>Source Files</Filter>
    </ClCompile>
    <ClCompile Include="AnimationComponent.cpp">
      <Filter>Source Files</Filter>
    </ClCompile>
    <ClCompile Include="ReadBackBuffer.cpp">
      <Filter>Source Files</Filter>
    </ClCompile>
    <ClCompile Include="GraphicsBufferWithData.cpp">
      <Filter>Source Files</Filter>
    </ClCompile>
  </ItemGroup>
  <ItemGroup>
    <FxCompile Include="DefaultShader\PixelShader.hlsl">
      <Filter>Resource Files</Filter>
    </FxCompile>
    <FxCompile Include="DefaultShader\VertexShader.hlsl">
      <Filter>Resource Files</Filter>
    </FxCompile>
    <FxCompile Include="DefaultShader\PixelShadow.hlsl">
      <Filter>Resource Files\Shadow</Filter>
    </FxCompile>
    <FxCompile Include="DefaultShader\VertexShadow.hlsl">
      <Filter>Resource Files\Shadow</Filter>
    </FxCompile>
    <FxCompile Include="DefaultShader\DomainShader.hlsl">
      <Filter>Resource Files\TesselationShader</Filter>
    </FxCompile>
    <FxCompile Include="DefaultShader\HullShader.hlsl">
      <Filter>Resource Files\TesselationShader</Filter>
    </FxCompile>
    <FxCompile Include="DefaultShader\VertexTesselationPhong.hlsl">
      <Filter>Resource Files\TesselationShader</Filter>
    </FxCompile>
    <FxCompile Include="ComputeShaderTest.hlsl">
      <Filter>Resource Files</Filter>
    </FxCompile>
    <FxCompile Include="SkeletalAnimation.hlsl">
      <Filter>Resource Files</Filter>
    </FxCompile>
    <FxCompile Include="DebugPixel.hlsl">
      <Filter>Resource Files\DebugShaders</Filter>
    </FxCompile>
  </ItemGroup>
  <ItemGroup>
    <None Include="packages.config" />
    <None Include="DefaultShader\Defines.hlsli">
      <Filter>Resource Files</Filter>
    </None>
    <None Include="SoftShadowFilter.hlsli">
      <Filter>Resource Files\Shadow</Filter>
    </None>
  </ItemGroup>
</Project>